version = 1
revision = 3
requires-python = ">=3.13"

[[package]]
name = "alan"
version = "0.1.0"
source = { editable = "." }
dependencies = [
    { name = "pip" },
]

[package.dev-dependencies]
dev = [
    { name = "tricks" },
]

[package.metadata]
requires-dist = [{ name = "pip", specifier = ">=25.3" }]

[package.metadata.requires-dev]
dev = [{ name = "tricks" }]

[[package]]
name = "pip"
version = "25.3"
source = { registry = "https://pypi.org/simple" }
sdist = { url = "https://files.pythonhosted.org/packages/fe/6e/74a3f0179a4a73a53d66ce57fdb4de0080a8baa1de0063de206d6167acc2/pip-25.3.tar.gz", hash = "sha256:8d0538dbbd7babbd207f261ed969c65de439f6bc9e5dbd3b3b9a77f25d95f343", size = 1803014, upload-time = "2025-10-25T00:55:41.394Z" }
wheels = [
    { url = "https://files.pythonhosted.org/packages/44/3c/d717024885424591d5376220b5e836c2d5293ce2011523c9de23ff7bf068/pip-25.3-py3-none-any.whl", hash = "sha256:9655943313a94722b7774661c21049070f6bbb0a1516bf02f7c8d5d9201514cd", size = 1778622, upload-time = "2025-10-25T00:55:39.247Z" },
]

[[package]]
name = "tricks"
version = "0.0.1"
source = { registry = "https://pypi.org/simple" }
sdist = { url = "https://files.pythonhosted.org/packages/a9/3a/bb4e773fd1110c66e0067be00eddafbbdcad697b813698d1e74e30009252/tricks-0.0.1.tar.gz", hash = "sha256:646d63250f8fd9d88f2aa7dfe51cd26a99c3e2837f87e3675077e60edf019316", size = 1414, upload-time = "2018-01-05T18:03:55.598Z" }
wheels = [
    { url = "https://files.pythonhosted.org/packages/74/4a/613c5ea6c19a6927d0371a89d6f216c9bd32677b52ecf3f9218bcaf410aa/tricks-0.0.1-py2.py3-none-any.whl", hash = "sha256:e5186547a57dd88969ff1cfb7a15a895ca57119ebf4d4dc29d20a1a317e48462", size = 1815, upload-time = "2018-01-05T18:03:53.93Z" },
]
